{
  "object": {
    "pins": [
      {
        "package": "Pelican",
        "repositoryURL": "https://github.com/Takanu/Pelican.git",
        "state": {
          "branch": null,
          "revision": "9b3c3111b243c26242b91972ca17081f6ae1229c",
          "version": "0.8.0"
        }
      },
      {
        "package": "SwiftyJSON",
        "repositoryURL": "https://github.com/IBM-Swift/SwiftyJSON.git",
        "state": {
          "branch": null,
          "revision": "7eb6c83f91c519c19e6a507d604c9176d5ae5b15",
          "version": "17.0.1"
        }
      }
    ]
  },
  "version": 1
}
